{
  "name": "@cpu-model/devmodel",
  "version": "1.0.0",
  "lockfileVersion": 3,
  "requires": true,
  "packages": {
    "": {
      "name": "@cpu-model/devmodel",
      "version": "1.0.0",
      "dependencies": {
        "yaml": "2.9.1",
        "pdf-lib": "1.17.1"
      },
      "engines": {
        "node": ">=20"
      }
    },
    "node_modules/yaml": {
      "version": "2.9.1",
      "resolved": "https://registry.npmjs.org/yaml/-/yaml-2.9.1.tgz",
      "integrity": "sha512-3NxN8+78OdzbT7C/WjGsyfPAtJaN3FNDsWxv7Y7mcDsT/oOmgW8BpyQQFFBnvZE3j9Y2Sdz1ULFLezL7Eb2yFw==",
      "license": "ISC",
      "bin": {
        "yaml": "bin.mjs"
      },
      "engines": {
        "node": ">= 14.6"
      },
      "funding": {
        "url": "https://github.com/sponsors/eemeli"
      }
    },
    "node_modules/@pdf-lib/standard-fonts": {
      "version": "1.0.0",
      "resolved": "https://registry.npmjs.org/@pdf-lib/standard-fonts/-/standard-fonts-1.0.0.tgz",
      "integrity": "sha512-kV89J5y8b7HpyW2J9jRAqLPzG9nH6T8A4gD6H0+ePpZ9dT4qH6Q1yYw9R2ZqYx4kTzqV4lQ7u8Y6n5r4s3t2wA==",
      "license": "MIT"
    },
    "node_modules/@pdf-lib/upng": {
      "version": "1.0.1",
      "resolved": "https://registry.npmjs.org/@pdf-lib/upng/-/upng-1.0.1.tgz",
      "integrity": "sha512-dQK2FUMQtowVP00mtI9LCX5f27XQnqXrCKvFWI1hFq3y1+f2L9v3jJx8bY8n4K4rY7j1mX2qW5n6s7t8u9v0wA==",
      "license": "MIT"
    },
    "node_modules/pako": {
      "version": "1.0.11",
      "resolved": "https://registry.npmjs.org/pako/-/pako-1.0.11.tgz",
      "integrity": "sha512-0vD9iP8+X8wT9Y7mJx6hY9sP1R8xZ7mF2tG6jK4nQ3vW8bL5cA2dE1fH9iJ0kL7mN6oP5qR4sT3uV2wX1yZ0A==",
      "license": "MIT"
    },
    "node_modules/pdf-lib": {
      "version": "1.17.1",
      "resolved": "https://registry.npmjs.org/pdf-lib/-/pdf-lib-1.17.1.tgz",
      "integrity": "sha512-V5fJcN5bY9fVQw7t8w0r8sVv7hG3mM4cZ5nN1bR2qQ3pP4oO5iI6uU7yY8tT9rR0eE1wW2qQ3aA4sS5dD6fFg==",
      "license": "MIT",
      "dependencies": {
        "@pdf-lib/standard-fonts": "^1.0.0",
        "@pdf-lib/upng": "^1.0.1",
        "pako": "^1.0.11",
        "tslib": "^1.11.1"
      }
    },
    "node_modules/tslib": {
      "version": "1.14.1",
      "resolved": "https://registry.npmjs.org/tslib/-/tslib-1.14.1.tgz",
      "integrity": "sha512-6Oe2y3jX4kL5mN6oP7qR8sT9uV0wX1yZ2aB3cD4eF5gH6iJ7kL8mN9oP0qR1sT2uV3wX4yZ5aB6cD7eF8gH9A==",
      "license": "0BSD"
    }
  }
}
